{
  "projects": [
    {
      "projectId": "eiC1VCbma8t6iMexZerqLa",
      "version": "5.18.0",
      "dependencies": {},
      "lang": "ts",
      "fileLocks": [
        {
          "assetId": "eiC1VCbma8t6iMexZerqLa",
          "type": "projectCss",
          "checksum": "ca7a7a306fb5a825be965388292c23ac"
        },
        {
          "assetId": "eiC1VCbma8t6iMexZerqLa",
          "checksum": "e732fbb74d3376c409f438fc80adf516",
          "type": "globalContexts"
        }
      ],
      "codegenVersion": "0.0.1"
    },
    {
      "projectId": "xp1p7dmg329XVLHyuEUxD2",
      "version": "11.20.0",
      "dependencies": {},
      "lang": "ts",
      "fileLocks": [
        {
          "assetId": "xp1p7dmg329XVLHyuEUxD2",
          "type": "projectCss",
          "checksum": "1b891cf9539f1db972dc4163ae1172e9"
        }
      ],
      "codegenVersion": "0.0.1"
    },
    {
      "projectId": "seaQhLVS4bbjiGvJJrRwyL",
      "version": "15.0.3",
      "dependencies": {},
      "lang": "ts",
      "fileLocks": [
        {
          "assetId": "seaQhLVS4bbjiGvJJrRwyL",
          "type": "projectCss",
          "checksum": "27db00cb356a331a9fd0f219c2cde5cc"
        }
      ],
      "codegenVersion": "0.0.1"
    },
    {
      "projectId": "oWDghmqiESffu2X2JKkYC1",
      "version": "latest",
      "dependencies": {
        "seaQhLVS4bbjiGvJJrRwyL": "15.0.3",
        "xp1p7dmg329XVLHyuEUxD2": "11.20.0",
        "eiC1VCbma8t6iMexZerqLa": "5.18.0"
      },
      "lang": "ts",
      "fileLocks": [
        {
          "type": "globalVariant",
          "assetId": "L4if7YktJs2ScS",
          "checksum": "6952353de7fa92d173d3c66b090f27fd"
        },
        {
          "assetId": "oWDghmqiESffu2X2JKkYC1",
          "type": "projectCss",
          "checksum": "80590ef8bd39a6cb1cc1e17b2076f96a"
        },
        {
          "assetId": "oWDghmqiESffu2X2JKkYC1",
          "checksum": "8033246b44a308c8bf0abb38987da3fc",
          "type": "globalContexts"
        },
        {
          "type": "renderModule",
          "assetId": "l0vKX_SSgtvXp",
          "checksum": "e5d8d546445a2d0e66d4a91d07bcf872"
        },
        {
          "type": "cssRules",
          "assetId": "l0vKX_SSgtvXp",
          "checksum": "e5d8d546445a2d0e66d4a91d07bcf872"
        },
        {
          "type": "renderModule",
          "assetId": "blKd3CGPQ1aaE",
          "checksum": "24551e2181e926e439de90ace6c918b4"
        },
        {
          "type": "cssRules",
          "assetId": "blKd3CGPQ1aaE",
          "checksum": "24551e2181e926e439de90ace6c918b4"
        },
        {
          "type": "renderModule",
          "assetId": "uFbKfWCwKDkUK",
          "checksum": "c9c2cf9d70b3c45074ddda4e610e5ca3"
        },
        {
          "type": "cssRules",
          "assetId": "uFbKfWCwKDkUK",
          "checksum": "c9c2cf9d70b3c45074ddda4e610e5ca3"
        },
        {
          "type": "renderModule",
          "assetId": "bJO6FR4kCXnOt",
          "checksum": "877a8028747aa9cad4cece4547bb0b0e"
        },
        {
          "type": "cssRules",
          "assetId": "bJO6FR4kCXnOt",
          "checksum": "877a8028747aa9cad4cece4547bb0b0e"
        },
        {
          "type": "renderModule",
          "assetId": "fVdVwAKEBZ64q",
          "checksum": "4d94e440dec3947a4bca3991e39a18ae"
        },
        {
          "type": "cssRules",
          "assetId": "fVdVwAKEBZ64q",
          "checksum": "4d94e440dec3947a4bca3991e39a18ae"
        },
        {
          "type": "renderModule",
          "assetId": "adDm-I-E7WMTk",
          "checksum": "41f8c7996d61c92ceb20b9dad0163358"
        },
        {
          "type": "cssRules",
          "assetId": "adDm-I-E7WMTk",
          "checksum": "41f8c7996d61c92ceb20b9dad0163358"
        },
        {
          "type": "renderModule",
          "assetId": "MBURqNJ1bopajB",
          "checksum": "deaa8152bbb517595adf936e1e3b5b1d"
        },
        {
          "type": "cssRules",
          "assetId": "MBURqNJ1bopajB",
          "checksum": "deaa8152bbb517595adf936e1e3b5b1d"
        },
        {
          "type": "renderModule",
          "assetId": "AJiFtNE7lEoBn0",
          "checksum": "728835989ba9ec3a2dfe1e0383003ccf"
        },
        {
          "type": "cssRules",
          "assetId": "AJiFtNE7lEoBn0",
          "checksum": "728835989ba9ec3a2dfe1e0383003ccf"
        },
        {
          "type": "renderModule",
          "assetId": "nH9wyXFmT0nqUV",
          "checksum": "58bb7c8cced4b7062c58db5db0110d2b"
        },
        {
          "type": "cssRules",
          "assetId": "nH9wyXFmT0nqUV",
          "checksum": "58bb7c8cced4b7062c58db5db0110d2b"
        },
        {
          "type": "renderModule",
          "assetId": "Aua649Lgn9Cmfj",
          "checksum": "dc34b7aaae75e82a96bfac6d4b06a062"
        },
        {
          "type": "cssRules",
          "assetId": "Aua649Lgn9Cmfj",
          "checksum": "dc34b7aaae75e82a96bfac6d4b06a062"
        },
        {
          "type": "renderModule",
          "assetId": "qFO4t_d4hN-jFu",
          "checksum": "385a112a47625fbbb854af47605fe840"
        },
        {
          "type": "cssRules",
          "assetId": "qFO4t_d4hN-jFu",
          "checksum": "385a112a47625fbbb854af47605fe840"
        },
        {
          "type": "icon",
          "assetId": "2fc03TRGCHaeGk",
          "checksum": "8031f4dd25d3ead75998f2d8aca594b1"
        },
        {
          "type": "icon",
          "assetId": "Ai2cV7luot6EGW",
          "checksum": "8002e944717a3770b9a4e90cbae4834c"
        },
        {
          "type": "icon",
          "assetId": "TH5uqKJ6zxAL-I",
          "checksum": "d3c1a3e7d180912eca18f5ea802e818b"
        },
        {
          "type": "icon",
          "assetId": "1Cn2JwV9u-avX0",
          "checksum": "d7de115611e8d93dfed7f1d5ec8d8bd1"
        },
        {
          "type": "icon",
          "assetId": "KjfK9yCQsw_Mv7",
          "checksum": "4c956c75eb3d3491ab0a4217486346aa"
        },
        {
          "type": "icon",
          "assetId": "q2xSdOOw7hjXts",
          "checksum": "8fd5715820dd3c9cf24d98e528c61609"
        },
        {
          "type": "icon",
          "assetId": "Wmf0ebxqULNhM9",
          "checksum": "878bf61ecb4b49d86ed2e008cd5273ff"
        },
        {
          "type": "icon",
          "assetId": "wHFJzTnG5q_8yI",
          "checksum": "012ec1ce5c6c7e6a9f76430da4911ac5"
        },
        {
          "type": "icon",
          "assetId": "6FJcN3d-1gqG40",
          "checksum": "6e78a7b96b5c398a995331bd2ac55790"
        },
        {
          "type": "icon",
          "assetId": "ExMt6Oi6_G0KQV",
          "checksum": "6e4f15e6a1118723ec1d95e4273012d1"
        },
        {
          "type": "icon",
          "assetId": "5My1dZ4n6Mlb9N",
          "checksum": "0c59583a108c837a8304edce60ebaac4"
        },
        {
          "type": "icon",
          "assetId": "X0_LiWoD0Y5l1F",
          "checksum": "d8fc43dbd755c3973bf5c3da8cbeb2b3"
        },
        {
          "type": "icon",
          "assetId": "Q6de02ui_Fv_cV",
          "checksum": "8da9c2f420262f5f56c255a9c071a26a"
        },
        {
          "type": "icon",
          "assetId": "tKN0KMnTrlkdqC",
          "checksum": "22dc2ca9d465c2b8ae9d6a3baf16e18c"
        },
        {
          "type": "icon",
          "assetId": "YH9Fj2h78B7LKx",
          "checksum": "e6aa66d078c63d1f76683ebee3403bde"
        },
        {
          "type": "icon",
          "assetId": "569o6cq7pz48Hw",
          "checksum": "88bb62d4eb52e74c8ef56a87f397a6e1"
        },
        {
          "type": "icon",
          "assetId": "RQAzTyNWzhxumF",
          "checksum": "1c4469f56291e34c5e89249d61bc6248"
        },
        {
          "type": "image",
          "assetId": "DcKZwpUshujTjp",
          "checksum": "42a2429e1a9143b3cb2af44b3a4f89f5"
        },
        {
          "type": "image",
          "assetId": "oBMOzQKUkk-TpZ",
          "checksum": "d064d4e79667602b2ccf80d189def575"
        },
        {
          "type": "image",
          "assetId": "5uTHVQdnKfP4Jd",
          "checksum": "39926a0a097e4f2c3cbe94b73b4b5a32"
        },
        {
          "type": "image",
          "assetId": "XkYYHDXb6m1LE6",
          "checksum": "83726464964c7d65bbcc6838189d9140"
        },
        {
          "type": "image",
          "assetId": "ITwmlW9HcQ69Mn",
          "checksum": "02845d69ca8fe2091ab86e708b99936f"
        },
        {
          "type": "image",
          "assetId": "it1hu8Swf9QRCT",
          "checksum": "97046273523f6009c71ecbe94bd69abc"
        },
        {
          "type": "image",
          "assetId": "mE6jVz4xTvHj--",
          "checksum": "26b8b05294908ae6e86cac7cb2861706"
        },
        {
          "type": "image",
          "assetId": "MzF5p1009xjjMO",
          "checksum": "80b1efa8cbe84450b96f35df6ff5ebe9"
        },
        {
          "type": "image",
          "assetId": "tlgZD6sY-HoSnx",
          "checksum": "033223b4fc166d8dbdb9d3ccb8bb0ee0"
        },
        {
          "type": "image",
          "assetId": "PkgM2lxZJFv9vW",
          "checksum": "99a907c7f20748f4f62eac7da060532e"
        },
        {
          "type": "image",
          "assetId": "2IXqV82DGl-gEq",
          "checksum": "4e5b4c5687c9b13d3a1ce0bece597085"
        },
        {
          "type": "image",
          "assetId": "wsMc3vw669Gh6c",
          "checksum": "a21888419cdad1dda8fec41a40bc359a"
        },
        {
          "type": "image",
          "assetId": "4zKOy1hakh33l4",
          "checksum": "3950e090e2b7389226675d0e832ec81d"
        },
        {
          "type": "image",
          "assetId": "W6nDqgnF4O7_ma",
          "checksum": "774d8cf86042c97e911a9419c04d1cfc"
        },
        {
          "type": "image",
          "assetId": "hqeQ-92wQEG_56",
          "checksum": "d7f8792f8b9f3b6f9b66a8a71e2fb46b"
        },
        {
          "type": "image",
          "assetId": "pDOnfNg7HcKS4J",
          "checksum": "e6f3ddc2f6c1fd4c5802e27f08e4a82d"
        },
        {
          "type": "image",
          "assetId": "Sa_n_uNUxBb8Jv",
          "checksum": "cc9e9a9eb48047b92ff49162a4ef9020"
        },
        {
          "type": "image",
          "assetId": "DRpXvlWUUHdPrM",
          "checksum": "50104b6858ae6805d14d608c77b188da"
        },
        {
          "type": "image",
          "assetId": "xAY7j7QFw5Y4cW",
          "checksum": "ca85f8296f58450431f2ae912023b9e0"
        },
        {
          "type": "image",
          "assetId": "gS4wLVLGPjdx2i",
          "checksum": "36f01b6bbe5bfec41ed12966e70abd7d"
        },
        {
          "type": "image",
          "assetId": "lkfaw88M4tTbO7",
          "checksum": "4113928d8de5bd68f0ce09dde4293676"
        },
        {
          "type": "image",
          "assetId": "o4UDzcy6WMo-iy",
          "checksum": "3295bbccf54de76f9ee599ee0871b52f"
        },
        {
          "type": "image",
          "assetId": "vH5zho3fb2FbFC",
          "checksum": "a0f57f1df45c0da22217f8ab335183b5"
        },
        {
          "type": "image",
          "assetId": "-JUE2zy7El3ELi",
          "checksum": "ccd0effd72ac42e9bd5d31481e512ae4"
        },
        {
          "type": "image",
          "assetId": "OP14pou5cijx1P",
          "checksum": "fa3d3c27c879c09c1f9d69de6db308e0"
        }
      ],
      "codegenVersion": "0.0.1"
    }
  ],
  "cliVersion": "0.1.295"
}
